
Microsoft Visual Studio Solution File, Format Version 12.00
# Visual Studio 2015
Project("{FAE04EC0-301F-11D3-BF4B-00C04F79EFBC}") = "2017SunrinHackathon.Plugins", "2017SunrinHackathon.Plugins.csproj", "{7121742D-D53A-850A-45A8-F070D954DC4C}"
EndProject
Project("{FAE04EC0-301F-11D3-BF4B-00C04F79EFBC}") = "2017SunrinHackathon", "2017SunrinHackathon.csproj", "{09193C22-87C7-D6A4-EFE0-144EA048C546}"
EndProject
Project("{FAE04EC0-301F-11D3-BF4B-00C04F79EFBC}") = "2017SunrinHackathon.Editor.Plugins", "2017SunrinHackathon.Editor.Plugins.csproj", "{4BFDDB4A-E313-08E0-89A6-F5F8F6186029}"
EndProject
Global
	GlobalSection(SolutionConfigurationPlatforms) = preSolution
		Debug|Any CPU = Debug|Any CPU
		Release|Any CPU = Release|Any CPU
	EndGlobalSection
	GlobalSection(ProjectConfigurationPlatforms) = postSolution
		{7121742D-D53A-850A-45A8-F070D954DC4C}.Debug|Any CPU.ActiveCfg = Debug|Any CPU
		{7121742D-D53A-850A-45A8-F070D954DC4C}.Debug|Any CPU.Build.0 = Debug|Any CPU
		{7121742D-D53A-850A-45A8-F070D954DC4C}.Release|Any CPU.ActiveCfg = Release|Any CPU
		{7121742D-D53A-850A-45A8-F070D954DC4C}.Release|Any CPU.Build.0 = Release|Any CPU
		{09193C22-87C7-D6A4-EFE0-144EA048C546}.Debug|Any CPU.ActiveCfg = Debug|Any CPU
		{09193C22-87C7-D6A4-EFE0-144EA048C546}.Debug|Any CPU.Build.0 = Debug|Any CPU
		{09193C22-87C7-D6A4-EFE0-144EA048C546}.Release|Any CPU.ActiveCfg = Release|Any CPU
		{09193C22-87C7-D6A4-EFE0-144EA048C546}.Release|Any CPU.Build.0 = Release|Any CPU
		{4BFDDB4A-E313-08E0-89A6-F5F8F6186029}.Debug|Any CPU.ActiveCfg = Debug|Any CPU
		{4BFDDB4A-E313-08E0-89A6-F5F8F6186029}.Debug|Any CPU.Build.0 = Debug|Any CPU
		{4BFDDB4A-E313-08E0-89A6-F5F8F6186029}.Release|Any CPU.ActiveCfg = Release|Any CPU
		{4BFDDB4A-E313-08E0-89A6-F5F8F6186029}.Release|Any CPU.Build.0 = Release|Any CPU
	EndGlobalSection
	GlobalSection(SolutionProperties) = preSolution
		HideSolutionNode = FALSE
	EndGlobalSection
EndGlobal
